Microsoft Visual Studio Solution File, Format Version 11.00
# Visual Studio 2008

Project("{B2548EA1-A795-10CD-9D89-B32FA92A6285}") = "sola_voznje", "Assembly-CSharp-firstpass.csproj", "{78146F1D-6A45-2288-5EE2-CD55ED110F08}"
EndProject
Project("{B2548EA1-A795-10CD-9D89-B32FA92A6285}") = "sola_voznje", "Assembly-CSharp.csproj", "{1B01B62D-492E-A962-0016-005BF3BE5B76}"
EndProject
Project("{B2548EA1-A795-10CD-9D89-B32FA92A6285}") = "sola_voznje", "Assembly-CSharp-Editor.csproj", "{121BC649-EE18-AF82-A3E3-8B6767C664D1}"
EndProject
Global
	GlobalSection(SolutionConfigurationPlatforms) = preSolution
		Debug|Any CPU = Debug|Any CPU
		Release|Any CPU = Release|Any CPU
	EndGlobalSection
	GlobalSection(ProjectConfigurationPlatforms) = postSolution
		{78146F1D-6A45-2288-5EE2-CD55ED110F08}.Debug|Any CPU.ActiveCfg = Debug|Any CPU
		{78146F1D-6A45-2288-5EE2-CD55ED110F08}.Debug|Any CPU.Build.0 = Debug|Any CPU
		{78146F1D-6A45-2288-5EE2-CD55ED110F08}.Release|Any CPU.ActiveCfg = Release|Any CPU
		{78146F1D-6A45-2288-5EE2-CD55ED110F08}.Release|Any CPU.Build.0 = Release|Any CPU
		{1B01B62D-492E-A962-0016-005BF3BE5B76}.Debug|Any CPU.ActiveCfg = Debug|Any CPU
		{1B01B62D-492E-A962-0016-005BF3BE5B76}.Debug|Any CPU.Build.0 = Debug|Any CPU
		{1B01B62D-492E-A962-0016-005BF3BE5B76}.Release|Any CPU.ActiveCfg = Release|Any CPU
		{1B01B62D-492E-A962-0016-005BF3BE5B76}.Release|Any CPU.Build.0 = Release|Any CPU
		{121BC649-EE18-AF82-A3E3-8B6767C664D1}.Debug|Any CPU.ActiveCfg = Debug|Any CPU
		{121BC649-EE18-AF82-A3E3-8B6767C664D1}.Debug|Any CPU.Build.0 = Debug|Any CPU
		{121BC649-EE18-AF82-A3E3-8B6767C664D1}.Release|Any CPU.ActiveCfg = Release|Any CPU
		{121BC649-EE18-AF82-A3E3-8B6767C664D1}.Release|Any CPU.Build.0 = Release|Any CPU
	EndGlobalSection
	GlobalSection(SolutionProperties) = preSolution
		HideSolutionNode = FALSE
	EndGlobalSection
	GlobalSection(MonoDevelopProperties) = preSolution
		StartupItem = Assembly-CSharp.csproj
	EndGlobalSection
EndGlobal
